// !$*UTF8*$!
{
	archiveVersion = 1;
	classes = {
	};
	objectVersion = 55;
	objects = {

/* Begin PBXBuildFile section */
		CE5768B6285DDEBA00EE3C95 /* AppDelegate.swift in Sources */ = {isa = PBXBuildFile; fileRef = CE5768B5285DDEBA00EE3C95 /* AppDelegate.swift */; };
		CE5768B8285DDEBA00EE3C95 /* SceneDelegate.swift in Sources */ = {isa = PBXBuildFile; fileRef = CE5768B7285DDEBA00EE3C95 /* SceneDelegate.swift */; };
		CE5768BA285DDEBA00EE3C95 /* MainViewController.swift in Sources */ = {isa = PBXBuildFile; fileRef = CE5768B9285DDEBA00EE3C95 /* MainViewController.swift */; };
		CE5768BD285DDEBA00EE3C95 /* Main.storyboard in Resources */ = {isa = PBXBuildFile; fileRef = CE5768BB285DDEBA00EE3C95 /* Main.storyboard */; };
		CE5768BF285DDEBB00EE3C95 /* Assets.xcassets in Resources */ = {isa = PBXBuildFile; fileRef = CE5768BE285DDEBB00EE3C95 /* Assets.xcassets */; };
		CE5768C2285DDEBB00EE3C95 /* LaunchScreen.storyboard in Resources */ = {isa = PBXBuildFile; fileRef = CE5768C0285DDEBB00EE3C95 /* LaunchScreen.storyboard */; };
		CE5768CD285DDF9A00EE3C95 /* BirdsPresenter.swift in Sources */ = {isa = PBXBuildFile; fileRef = CE5768CC285DDF9A00EE3C95 /* BirdsPresenter.swift */; };
		CE5768CF285DE19B00EE3C95 /* BirdsService.swift in Sources */ = {isa = PBXBuildFile; fileRef = CE5768CE285DE19B00EE3C95 /* BirdsService.swift */; };
/* End PBXBuildFile section */

/* Begin PBXFileReference section */
		CE5768B2285DDEBA00EE3C95 /* testingBirds.app */ = {isa = PBXFileReference; explicitFileType = wrapper.application; includeInIndex = 0; path = testingBirds.app; sourceTree = BUILT_PRODUCTS_DIR; };
		CE5768B5285DDEBA00EE3C95 /* AppDelegate.swift */ = {isa = PBXFileReference; lastKnownFileType = sourcecode.swift; path = AppDelegate.swift; sourceTree = "<group>"; };
		CE5768B7285DDEBA00EE3C95 /* SceneDelegate.swift */ = {isa = PBXFileReference; lastKnownFileType = sourcecode.swift; path = SceneDelegate.swift; sourceTree = "<group>"; };
		CE5768B9285DDEBA00EE3C95 /* MainViewController.swift */ = {isa = PBXFileReference; lastKnownFileType = sourcecode.swift; path = MainViewController.swift; sourceTree = "<group>"; };
		CE5768BC285DDEBA00EE3C95 /* Base */ = {isa = PBXFileReference; lastKnownFileType = file.storyboard; name = Base; path = Base.lproj/Main.storyboard; sourceTree = "<group>"; };
		CE5768BE285DDEBB00EE3C95 /* Assets.xcassets */ = {isa = PBXFileReference; lastKnownFileType = folder.assetcatalog; path = Assets.xcassets; sourceTree = "<group>"; };
		CE5768C1285DDEBB00EE3C95 /* Base */ = {isa = PBXFileReference; lastKnownFileType = file.storyboard; name = Base; path = Base.lproj/LaunchScreen.storyboard; sourceTree = "<group>"; };
		CE5768C3285DDEBB00EE3C95 /* Info.plist */ = {isa = PBXFileReference; lastKnownFileType = text.plist.xml; path = Info.plist; sourceTree = "<group>"; };
		CE5768CC285DDF9A00EE3C95 /* BirdsPresenter.swift */ = {isa = PBXFileReference; lastKnownFileType = sourcecode.swift; path = BirdsPresenter.swift; sourceTree = "<group>"; };
		CE5768CE285DE19B00EE3C95 /* BirdsService.swift */ = {isa = PBXFileReference; lastKnownFileType = sourcecode.swift; path = BirdsService.swift; sourceTree = "<group>"; };
/* End PBXFileReference section */

/* Begin PBXFrameworksBuildPhase section */
		CE5768AF285DDEBA00EE3C95 /* Frameworks */ = {
			isa = PBXFrameworksBuildPhase;
			buildActionMask = 2147483647;
			files = (
			);
			runOnlyForDeploymentPostprocessing = 0;
		};
/* End PBXFrameworksBuildPhase section */

/* Begin PBXGroup section */
		CE5768A9285DDEBA00EE3C95 = {
			isa = PBXGroup;
			children = (
				CE5768B4285DDEBA00EE3C95 /* testingBirds */,
				CE5768B3285DDEBA00EE3C95 /* Products */,
			);
			sourceTree = "<group>";
		};
		CE5768B3285DDEBA00EE3C95 /* Products */ = {
			isa = PBXGroup;
			children = (
				CE5768B2285DDEBA00EE3C95 /* testingBirds.app */,
			);
			name = Products;
			sourceTree = "<group>";
		};
		CE5768B4285DDEBA00EE3C95 /* testingBirds */ = {
			isa = PBXGroup;
			children = (
				CE5768C9285DDEE100EE3C95 /* Controller */,
				CE5768CB285DDEFA00EE3C95 /* Service */,
				CE5768CA285DDEF100EE3C95 /* Presenter */,
				CE5768B5285DDEBA00EE3C95 /* AppDelegate.swift */,
				CE5768B7285DDEBA00EE3C95 /* SceneDelegate.swift */,
				CE5768BB285DDEBA00EE3C95 /* Main.storyboard */,
				CE5768BE285DDEBB00EE3C95 /* Assets.xcassets */,
				CE5768C0285DDEBB00EE3C95 /* LaunchScreen.storyboard */,
				CE5768C3285DDEBB00EE3C95 /* Info.plist */,
			);
			path = testingBirds;
			sourceTree = "<group>";
		};
		CE5768C9285DDEE100EE3C95 /* Controller */ = {
			isa = PBXGroup;
			children = (
				CE5768B9285DDEBA00EE3C95 /* MainViewController.swift */,
			);
			path = Controller;
			sourceTree = "<group>";
		};
		CE5768CA285DDEF100EE3C95 /* Presenter */ = {
			isa = PBXGroup;
			children = (
				CE5768CC285DDF9A00EE3C95 /* BirdsPresenter.swift */,
			);
			path = Presenter;
			sourceTree = "<group>";
		};
		CE5768CB285DDEFA00EE3C95 /* Service */ = {
			isa = PBXGroup;
			children = (
				CE5768CE285DE19B00EE3C95 /* BirdsService.swift */,
			);
			path = Service;
			sourceTree = "<group>";
		};
/* End PBXGroup section */

/* Begin PBXNativeTarget section */
		CE5768B1285DDEBA00EE3C95 /* testingBirds */ = {
			isa = PBXNativeTarget;
			buildConfigurationList = CE5768C6285DDEBB00EE3C95 /* Build configuration list for PBXNativeTarget "testingBirds" */;
			buildPhases = (
				CE5768AE285DDEBA00EE3C95 /* Sources */,
				CE5768AF285DDEBA00EE3C95 /* Frameworks */,
				CE5768B0285DDEBA00EE3C95 /* Resources */,
			);
			buildRules = (
			);
			dependencies = (
			);
			name = testingBirds;
			productName = testingBirds;
			productReference = CE5768B2285DDEBA00EE3C95 /* testingBirds.app */;
			productType = "com.apple.product-type.application";
		};
/* End PBXNativeTarget section */

/* Begin PBXProject section */
		CE5768AA285DDEBA00EE3C95 /* Project object */ = {
			isa = PBXProject;
			attributes = {
				BuildIndependentTargetsInParallel = 1;
				LastSwiftUpdateCheck = 1340;
				LastUpgradeCheck = 1340;
				TargetAttributes = {
					CE5768B1285DDEBA00EE3C95 = {
						CreatedOnToolsVersion = 13.4;
					};
				};
			};
			buildConfigurationList = CE5768AD285DDEBA00EE3C95 /* Build configuration list for PBXProject "testingBirds" */;
			compatibilityVersion = "Xcode 13.0";
			developmentRegion = en;
			hasScannedForEncodings = 0;
			knownRegions = (
				en,
				Base,
			);
			mainGroup = CE5768A9285DDEBA00EE3C95;
			productRefGroup = CE5768B3285DDEBA00EE3C95 /* Products */;
			projectDirPath = "";
			projectRoot = "";
			targets = (
				CE5768B1285DDEBA00EE3C95 /* testingBirds */,
			);
		};
/* End PBXProject section */

/* Begin PBXResourcesBuildPhase section */
		CE5768B0285DDEBA00EE3C95 /* Resources */ = {
			isa = PBXResourcesBuildPhase;
			buildActionMask = 2147483647;
			files = (
				CE5768C2285DDEBB00EE3C95 /* LaunchScreen.storyboard in Resources */,
				CE5768BF285DDEBB00EE3C95 /* Assets.xcassets in Resources */,
				CE5768BD285DDEBA00EE3C95 /* Main.storyboard in Resources */,
			);
			runOnlyForDeploymentPostprocessing = 0;
		};
/* End PBXResourcesBuildPhase section */

/* Begin PBXSourcesBuildPhase section */
		CE5768AE285DDEBA00EE3C95 /* Sources */ = {
			isa = PBXSourcesBuildPhase;
			buildActionMask = 2147483647;
			files = (
				CE5768CF285DE19B00EE3C95 /* BirdsService.swift in Sources */,
				CE5768BA285DDEBA00EE3C95 /* MainViewController.swift in Sources */,
				CE5768B6285DDEBA00EE3C95 /* AppDelegate.swift in Sources */,
				CE5768B8285DDEBA00EE3C95 /* SceneDelegate.swift in Sources */,
				CE5768CD285DDF9A00EE3C95 /* BirdsPresenter.swift in Sources */,
			);
			runOnlyForDeploymentPostprocessing = 0;
		};
/* End PBXSourcesBuildPhase section */

/* Begin PBXVariantGroup section */
		CE5768BB285DDEBA00EE3C95 /* Main.storyboard */ = {
			isa = PBXVariantGroup;
			children = (
				CE5768BC285DDEBA00EE3C95 /* Base */,
			);
			name = Main.storyboard;
			sourceTree = "<group>";
		};
		CE5768C0285DDEBB00EE3C95 /* LaunchScreen.storyboard */ = {
			isa = PBXVariantGroup;
			children = (
				CE5768C1285DDEBB00EE3C95 /* Base */,
			);
			name = LaunchScreen.storyboard;
			sourceTree = "<group>";
		};
/* End PBXVariantGroup section */

/* Begin XCBuildConfiguration section */
		CE5768C4285DDEBB00EE3C95 /* Debug */ = {
			isa = XCBuildConfiguration;
			buildSettings = {
				ALWAYS_SEARCH_USER_PATHS = NO;
				CLANG_ANALYZER_NONNULL = YES;
				CLANG_ANALYZER_NUMBER_OBJECT_CONVERSION = YES_AGGRESSIVE;
				CLANG_CXX_LANGUAGE_STANDARD = "gnu++17";
				CLANG_ENABLE_MODULES = YES;
				CLANG_ENABLE_OBJC_ARC = YES;
				CLANG_ENABLE_OBJC_WEAK = YES;
				CLANG_WARN_BLOCK_CAPTURE_AUTORELEASING = YES;
				CLANG_WARN_BOOL_CONVERSION = YES;
				CLANG_WARN_COMMA = YES;
				CLANG_WARN_CONSTANT_CONVERSION = YES;
				CLANG_WARN_DEPRECATED_OBJC_IMPLEMENTATIONS = YES;
				CLANG_WARN_DIRECT_OBJC_ISA_USAGE = YES_ERROR;
				CLANG_WARN_DOCUMENTATION_COMMENTS = YES;
				CLANG_WARN_EMPTY_BODY = YES;
				CLANG_WARN_ENUM_CONVERSION = YES;
				CLANG_WARN_INFINITE_RECURSION = YES;
				CLANG_WARN_INT_CONVERSION = YES;
				CLANG_WARN_NON_LITERAL_NULL_CONVERSION = YES;
				CLANG_WARN_OBJC_IMPLICIT_RETAIN_SELF = YES;
				CLANG_WARN_OBJC_LITERAL_CONVERSION = YES;
				CLANG_WARN_OBJC_ROOT_CLASS = YES_ERROR;
				CLANG_WARN_QUOTED_INCLUDE_IN_FRAMEWORK_HEADER = YES;
				CLANG_WARN_RANGE_LOOP_ANALYSIS = YES;
				CLANG_WARN_STRICT_PROTOTYPES = YES;
				CLANG_WARN_SUSPICIOUS_MOVE = YES;
				CLANG_WARN_UNGUARDED_AVAILABILITY = YES_AGGRESSIVE;
				CLANG_WARN_UNREACHABLE_CODE = YES;
				CLANG_WARN__DUPLICATE_METHOD_MATCH = YES;
				COPY_PHASE_STRIP = NO;
				DEBUG_INFORMATION_FORMAT = dwarf;
				ENABLE_STRICT_OBJC_MSGSEND = YES;
				ENABLE_TESTABILITY = YES;
				GCC_C_LANGUAGE_STANDARD = gnu11;
				GCC_DYNAMIC_NO_PIC = NO;
				GCC_NO_COMMON_BLOCKS = YES;
				GCC_OPTIMIZATION_LEVEL = 0;
				GCC_PREPROCESSOR_DEFINITIONS = (
					"DEBUG=1",
					"$(inherited)",
				);
				GCC_WARN_64_TO_32_BIT_CONVERSION = YES;
				GCC_WARN_ABOUT_RETURN_TYPE = YES_ERROR;
				GCC_WARN_UNDECLARED_SELECTOR = YES;
				GCC_WARN_UNINITIALIZED_AUTOS = YES_AGGRESSIVE;
				GCC_WARN_UNUSED_FUNCTION = YES;
				GCC_WARN_UNUSED_VARIABLE = YES;
				IPHONEOS_DEPLOYMENT_TARGET = 15.5;
				MTL_ENABLE_DEBUG_INFO = INCLUDE_SOURCE;
				MTL_FAST_MATH = YES;
				ONLY_ACTIVE_ARCH = YES;
				SDKROOT = iphoneos;
				SWIFT_ACTIVE_COMPILATION_CONDITIONS = DEBUG;
				SWIFT_OPTIMIZATION_LEVEL = "-Onone";
			};
			name = Debug;
		};
		CE5768C5285DDEBB00EE3C95 /* Release */ = {
			isa = XCBuildConfiguration;
			buildSettings = {
				ALWAYS_SEARCH_USER_PATHS = NO;
				CLANG_ANALYZER_NONNULL = YES;
				CLANG_ANALYZER_NUMBER_OBJECT_CONVERSION = YES_AGGRESSIVE;
				CLANG_CXX_LANGUAGE_STANDARD = "gnu++17";
				CLANG_ENABLE_MODULES = YES;
				CLANG_ENABLE_OBJC_ARC = YES;
				CLANG_ENABLE_OBJC_WEAK = YES;
				CLANG_WARN_BLOCK_CAPTURE_AUTORELEASING = YES;
				CLANG_WARN_BOOL_CONVERSION = YES;
				CLANG_WARN_COMMA = YES;
				CLANG_WARN_CONSTANT_CONVERSION = YES;
				CLANG_WARN_DEPRECATED_OBJC_IMPLEMENTATIONS = YES;
				CLANG_WARN_DIRECT_OBJC_ISA_USAGE = YES_ERROR;
				CLANG_WARN_DOCUMENTATION_COMMENTS = YES;
				CLANG_WARN_EMPTY_BODY = YES;
				CLANG_WARN_ENUM_CONVERSION = YES;
				CLANG_WARN_INFINITE_RECURSION = YES;
				CLANG_WARN_INT_CONVERSION = YES;
				CLANG_WARN_NON_LITERAL_NULL_CONVERSION = YES;
				CLANG_WARN_OBJC_IMPLICIT_RETAIN_SELF = YES;
				CLANG_WARN_OBJC_LITERAL_CONVERSION = YES;
				CLANG_WARN_OBJC_ROOT_CLASS = YES_ERROR;
				CLANG_WARN_QUOTED_INCLUDE_IN_FRAMEWORK_HEADER = YES;
				CLANG_WARN_RANGE_LOOP_ANALYSIS = YES;
				CLANG_WARN_STRICT_PROTOTYPES = YES;
				CLANG_WARN_SUSPICIOUS_MOVE = YES;
				CLANG_WARN_UNGUARDED_AVAILABILITY = YES_AGGRESSIVE;
				CLANG_WARN_UNREACHABLE_CODE = YES;
				CLANG_WARN__DUPLICATE_METHOD_MATCH = YES;
				COPY_PHASE_STRIP = NO;
				DEBUG_INFORMATION_FORMAT = "dwarf-with-dsym";
				ENABLE_NS_ASSERTIONS = NO;
				ENABLE_STRICT_OBJC_MSGSEND = YES;
				GCC_C_LANGUAGE_STANDARD = gnu11;
				GCC_NO_COMMON_BLOCKS = YES;
				GCC_WARN_64_TO_32_BIT_CONVERSION = YES;
				GCC_WARN_ABOUT_RETURN_TYPE = YES_ERROR;
				GCC_WARN_UNDECLARED_SELECTOR = YES;
				GCC_WARN_UNINITIALIZED_AUTOS = YES_AGGRESSIVE;
				GCC_WARN_UNUSED_FUNCTION = YES;
				GCC_WARN_UNUSED_VARIABLE = YES;
				IPHONEOS_DEPLOYMENT_TARGET = 15.5;
				MTL_ENABLE_DEBUG_INFO = NO;
				MTL_FAST_MATH = YES;
				SDKROOT = iphoneos;
				SWIFT_COMPILATION_MODE = wholemodule;
				SWIFT_OPTIMIZATION_LEVEL = "-O";
				VALIDATE_PRODUCT = YES;
			};
			name = Release;
		};
		CE5768C7285DDEBB00EE3C95 /* Debug */ = {
			isa = XCBuildConfiguration;
			buildSettings = {
				ASSETCATALOG_COMPILER_APPICON_NAME = AppIcon;
				ASSETCATALOG_COMPILER_GLOBAL_ACCENT_COLOR_NAME = AccentColor;
				CODE_SIGN_STYLE = Automatic;
				CURRENT_PROJECT_VERSION = 1;
				DEVELOPMENT_TEAM = 993C8Z6CX7;
				GENERATE_INFOPLIST_FILE = YES;
				INFOPLIST_FILE = testingBirds/Info.plist;
				INFOPLIST_KEY_UIApplicationSupportsIndirectInputEvents = YES;
				INFOPLIST_KEY_UILaunchStoryboardName = LaunchScreen;
				INFOPLIST_KEY_UIMainStoryboardFile = Main;
				INFOPLIST_KEY_UISupportedInterfaceOrientations_iPad = "UIInterfaceOrientationPortrait UIInterfaceOrientationPortraitUpsideDown UIInterfaceOrientationLandscapeLeft UIInterfaceOrientationLandscapeRight";
				INFOPLIST_KEY_UISupportedInterfaceOrientations_iPhone = "UIInterfaceOrientationPortrait UIInterfaceOrientationLandscapeLeft UIInterfaceOrientationLandscapeRight";
				LD_RUNPATH_SEARCH_PATHS = (
					"$(inherited)",
					"@executable_path/Frameworks",
				);
				MARKETING_VERSION = 1.0;
				PRODUCT_BUNDLE_IDENTIFIER = tohaInc.testingBirds;
				PRODUCT_NAME = "$(TARGET_NAME)";
				SWIFT_EMIT_LOC_STRINGS = YES;
				SWIFT_VERSION = 5.0;
				TARGETED_DEVICE_FAMILY = "1,2";
			};
			name = Debug;
		};
		CE5768C8285DDEBB00EE3C95 /* Release */ = {
			isa = XCBuildConfiguration;
			buildSettings = {
				ASSETCATALOG_COMPILER_APPICON_NAME = AppIcon;
				ASSETCATALOG_COMPILER_GLOBAL_ACCENT_COLOR_NAME = AccentColor;
				CODE_SIGN_STYLE = Automatic;
				CURRENT_PROJECT_VERSION = 1;
				DEVELOPMENT_TEAM = 993C8Z6CX7;
				GENERATE_INFOPLIST_FILE = YES;
				INFOPLIST_FILE = testingBirds/Info.plist;
				INFOPLIST_KEY_UIApplicationSupportsIndirectInputEvents = YES;
				INFOPLIST_KEY_UILaunchStoryboardName = LaunchScreen;
				INFOPLIST_KEY_UIMainStoryboardFile = Main;
				INFOPLIST_KEY_UISupportedInterfaceOrientations_iPad = "UIInterfaceOrientationPortrait UIInterfaceOrientationPortraitUpsideDown UIInterfaceOrientationLandscapeLeft UIInterfaceOrientationLandscapeRight";
				INFOPLIST_KEY_UISupportedInterfaceOrientations_iPhone = "UIInterfaceOrientationPortrait UIInterfaceOrientationLandscapeLeft UIInterfaceOrientationLandscapeRight";
				LD_RUNPATH_SEARCH_PATHS = (
					"$(inherited)",
					"@executable_path/Frameworks",
				);
				MARKETING_VERSION = 1.0;
				PRODUCT_BUNDLE_IDENTIFIER = tohaInc.testingBirds;
				PRODUCT_NAME = "$(TARGET_NAME)";
				SWIFT_EMIT_LOC_STRINGS = YES;
				SWIFT_VERSION = 5.0;
				TARGETED_DEVICE_FAMILY = "1,2";
			};
			name = Release;
		};
/* End XCBuildConfiguration section */

/* Begin XCConfigurationList section */
		CE5768AD285DDEBA00EE3C95 /* Build configuration list for PBXProject "testingBirds" */ = {
			isa = XCConfigurationList;
			buildConfigurations = (
				CE5768C4285DDEBB00EE3C95 /* Debug */,
				CE5768C5285DDEBB00EE3C95 /* Release */,
			);
			defaultConfigurationIsVisible = 0;
			defaultConfigurationName = Release;
		};
		CE5768C6285DDEBB00EE3C95 /* Build configuration list for PBXNativeTarget "testingBirds" */ = {
			isa = XCConfigurationList;
			buildConfigurations = (
				CE5768C7285DDEBB00EE3C95 /* Debug */,
				CE5768C8285DDEBB00EE3C95 /* Release */,
			);
			defaultConfigurationIsVisible = 0;
			defaultConfigurationName = Release;
		};
/* End XCConfigurationList section */
	};
	rootObject = CE5768AA285DDEBA00EE3C95 /* Project object */;
}
